
Microsoft Visual Studio Solution File, Format Version 12.00
# Visual Studio Version 16
VisualStudioVersion = 16.0.31005.135
MinimumVisualStudioVersion = 10.0.40219.1
Project("{F184B08F-C81C-45F6-A57F-5ABD9991F28F}") = "WindowsApp1", "WindowsApp1.vbproj", "{3CF85636-A58D-4F89-BD19-13BF08D4FC4C}"
EndProject
Global
	GlobalSection(SolutionConfigurationPlatforms) = preSolution
		Debug|Any CPU = Debug|Any CPU
		Release|Any CPU = Release|Any CPU
	EndGlobalSection
	GlobalSection(ProjectConfigurationPlatforms) = postSolution
		{3CF85636-A58D-4F89-BD19-13BF08D4FC4C}.Debug|Any CPU.ActiveCfg = Debug|Any CPU
		{3CF85636-A58D-4F89-BD19-13BF08D4FC4C}.Debug|Any CPU.Build.0 = Debug|Any CPU
		{3CF85636-A58D-4F89-BD19-13BF08D4FC4C}.Release|Any CPU.ActiveCfg = Release|Any CPU
		{3CF85636-A58D-4F89-BD19-13BF08D4FC4C}.Release|Any CPU.Build.0 = Release|Any CPU
	EndGlobalSection
	GlobalSection(SolutionProperties) = preSolution
		HideSolutionNode = FALSE
	EndGlobalSection
	GlobalSection(ExtensibilityGlobals) = postSolution
		SolutionGuid = {996E465F-3EC0-46D8-8117-22348E5A35EC}
	EndGlobalSection
EndGlobal
